
Microsoft Visual Studio Solution File, Format Version 12.00
# Visual Studio Version 17
VisualStudioVersion = 17.0.32126.317
MinimumVisualStudioVersion = 10.0.40219.1
Project("{2150E333-8FDC-42A3-9474-1A3956D46DE8}") = "build", "build", "{CF8FC603-C38A-4B6E-98CB-B7565798D0F2}"
	ProjectSection(SolutionItems) = preProject
		build.fsx = build.fsx
		build.ps1 = build.ps1
		.github\workflows\build.yml = .github\workflows\build.yml
		.github\workflows\clean-builds.yaml = .github\workflows\clean-builds.yaml
		.github\workflows\codeql-analysis.yml = .github\workflows\codeql-analysis.yml
		paket.dependencies = paket.dependencies
	EndProjectSection
EndProject
Project("{2150E333-8FDC-42A3-9474-1A3956D46DE8}") = "src", "src", "{41AEECFF-6354-4940-8C63-B77AA862149E}"
EndProject
Project("{2150E333-8FDC-42A3-9474-1A3956D46DE8}") = "test", "test", "{CD391199-006A-473B-91C5-9E1A7BF4F5C4}"
EndProject
Project("{2150E333-8FDC-42A3-9474-1A3956D46DE8}") = "docs", "docs", "{29878A22-030D-488C-846C-0B1BCB44AE56}"
	ProjectSection(SolutionItems) = preProject
		README.md = README.md
	EndProjectSection
EndProject
Project("{9A19103F-16F7-4668-BE54-9A1E7A4F7556}") = "Tk.Toolkit.Cli", "src\Tk.Toolkit.Cli\Tk.Toolkit.Cli.csproj", "{16BE1969-F7C7-4F3D-B17B-B63DA13C8D62}"
EndProject
Project("{9A19103F-16F7-4668-BE54-9A1E7A4F7556}") = "Tk.Toolkit.Cli.Tests.Unit", "test\Tk.Toolkit.Cli.Tests.Unit\Tk.Toolkit.Cli.Tests.Unit.csproj", "{83CBAF2E-C84B-463B-9396-28F2463AED83}"
EndProject
Global
	GlobalSection(SolutionConfigurationPlatforms) = preSolution
		Debug|Any CPU = Debug|Any CPU
		Release|Any CPU = Release|Any CPU
	EndGlobalSection
	GlobalSection(ProjectConfigurationPlatforms) = postSolution
		{16BE1969-F7C7-4F3D-B17B-B63DA13C8D62}.Debug|Any CPU.ActiveCfg = Debug|Any CPU
		{16BE1969-F7C7-4F3D-B17B-B63DA13C8D62}.Debug|Any CPU.Build.0 = Debug|Any CPU
		{16BE1969-F7C7-4F3D-B17B-B63DA13C8D62}.Release|Any CPU.ActiveCfg = Release|Any CPU
		{16BE1969-F7C7-4F3D-B17B-B63DA13C8D62}.Release|Any CPU.Build.0 = Release|Any CPU
		{83CBAF2E-C84B-463B-9396-28F2463AED83}.Debug|Any CPU.ActiveCfg = Debug|Any CPU
		{83CBAF2E-C84B-463B-9396-28F2463AED83}.Debug|Any CPU.Build.0 = Debug|Any CPU
		{83CBAF2E-C84B-463B-9396-28F2463AED83}.Release|Any CPU.ActiveCfg = Release|Any CPU
		{83CBAF2E-C84B-463B-9396-28F2463AED83}.Release|Any CPU.Build.0 = Release|Any CPU
	EndGlobalSection
	GlobalSection(SolutionProperties) = preSolution
		HideSolutionNode = FALSE
	EndGlobalSection
	GlobalSection(NestedProjects) = preSolution
		{16BE1969-F7C7-4F3D-B17B-B63DA13C8D62} = {41AEECFF-6354-4940-8C63-B77AA862149E}
		{83CBAF2E-C84B-463B-9396-28F2463AED83} = {CD391199-006A-473B-91C5-9E1A7BF4F5C4}
	EndGlobalSection
	GlobalSection(ExtensibilityGlobals) = postSolution
		SolutionGuid = {766F3128-91A5-48F4-900F-F28CB86EDA55}
	EndGlobalSection
EndGlobal
